PODS:
  - Flutter (1.0.0)
  - get_mac (0.0.1):
    - Flutter
  - hexcolor (0.0.1):
    - Flutter
  - imei_plugin (0.0.1):
    - Flutter

DEPENDENCIES:
  - Flutter (from `Flutter`)
  - get_mac (from `.symlinks/plugins/get_mac/ios`)
  - hexcolor (from `.symlinks/plugins/hexcolor/ios`)
  - imei_plugin (from `.symlinks/plugins/imei_plugin/ios`)

EXTERNAL SOURCES:
  Flutter:
    :path: Flutter
  get_mac:
    :path: ".symlinks/plugins/get_mac/ios"
  hexcolor:
    :path: ".symlinks/plugins/hexcolor/ios"
  imei_plugin:
    :path: ".symlinks/plugins/imei_plugin/ios"

SPEC CHECKSUMS:
  Flutter: 50d75fe2f02b26cc09d224853bb45737f8b3214a
  get_mac: b90f006186f20adf5b9d1f65b530599d39470b16
  hexcolor: fdfb9c4258ad96e949c2dbcdf790a62194b8aa89
  imei_plugin: cb1af7c223ac2d82dcd1457a7137d93d65d2a3cd

PODFILE CHECKSUM: aafe91acc616949ddb318b77800a7f51bffa2a4c

COCOAPODS: 1.11.3
